
Microsoft Visual Studio Solution File, Format Version 12.00
# Visual Studio 14
VisualStudioVersion = 14.0.25123.0
MinimumVisualStudioVersion = 10.0.40219.1
Project("{FAE04EC0-301F-11D3-BF4B-00C04F79EFBC}") = "DataStructures", "DataStructures\DataStructures.csproj", "{A4B3B981-EF21-4D00-9E1F-D7B60D1F7103}"
EndProject
Project("{FAE04EC0-301F-11D3-BF4B-00C04F79EFBC}") = "Test", "Test\Test.csproj", "{9DE47FCA-1864-48EF-A7C8-DD048031E6AA}"
EndProject
Global
	GlobalSection(SolutionConfigurationPlatforms) = preSolution
		Debug|Any CPU = Debug|Any CPU
		Release|Any CPU = Release|Any CPU
	EndGlobalSection
	GlobalSection(ProjectConfigurationPlatforms) = postSolution
		{A4B3B981-EF21-4D00-9E1F-D7B60D1F7103}.Debug|Any CPU.ActiveCfg = Debug|Any CPU
		{A4B3B981-EF21-4D00-9E1F-D7B60D1F7103}.Debug|Any CPU.Build.0 = Debug|Any CPU
		{A4B3B981-EF21-4D00-9E1F-D7B60D1F7103}.Release|Any CPU.ActiveCfg = Release|Any CPU
		{A4B3B981-EF21-4D00-9E1F-D7B60D1F7103}.Release|Any CPU.Build.0 = Release|Any CPU
		{9DE47FCA-1864-48EF-A7C8-DD048031E6AA}.Debug|Any CPU.ActiveCfg = Debug|Any CPU
		{9DE47FCA-1864-48EF-A7C8-DD048031E6AA}.Debug|Any CPU.Build.0 = Debug|Any CPU
		{9DE47FCA-1864-48EF-A7C8-DD048031E6AA}.Release|Any CPU.ActiveCfg = Release|Any CPU
		{9DE47FCA-1864-48EF-A7C8-DD048031E6AA}.Release|Any CPU.Build.0 = Release|Any CPU
	EndGlobalSection
	GlobalSection(SolutionProperties) = preSolution
		HideSolutionNode = FALSE
	EndGlobalSection
EndGlobal
